// !$*UTF8*$!
{
	archiveVersion = 1;
	classes = {
	};
	objectVersion = 56;
	objects = {

/* Begin PBXBuildFile section */
		616F4CD32FD78FF00082C3CD /* WeatherDataItem.swift in Sources */ = {isa = PBXBuildFile; fileRef = 616F4CD22FD78FF00082C3CD /* WeatherDataItem.swift */; };
		61770AEF2FD808D9000690BD /* ForecastDayItem.swift in Sources */ = {isa = PBXBuildFile; fileRef = 61770AEE2FD808D9000690BD /* ForecastDayItem.swift */; };
		6191A91C2FD34A0B00A3F8F5 /* DailySkyApp.swift in Sources */ = {isa = PBXBuildFile; fileRef = 6191A91B2FD34A0B00A3F8F5 /* DailySkyApp.swift */; };
		6191A9202FD34A0D00A3F8F5 /* Assets.xcassets in Resources */ = {isa = PBXBuildFile; fileRef = 6191A91F2FD34A0D00A3F8F5 /* Assets.xcassets */; };
		6191A9232FD34A0D00A3F8F5 /* Preview Assets.xcassets in Resources */ = {isa = PBXBuildFile; fileRef = 6191A9222FD34A0D00A3F8F5 /* Preview Assets.xcassets */; };
		6191A9252FD34A0D00A3F8F5 /* CoreDataController.swift in Sources */ = {isa = PBXBuildFile; fileRef = 6191A9242FD34A0D00A3F8F5 /* CoreDataController.swift */; };
		6191A9282FD34A0D00A3F8F5 /* DailySky.xcdatamodeld in Sources */ = {isa = PBXBuildFile; fileRef = 6191A9262FD34A0D00A3F8F5 /* DailySky.xcdatamodeld */; };
		6191A9322FD34A0E00A3F8F5 /* DailySkyTests.swift in Sources */ = {isa = PBXBuildFile; fileRef = 6191A9312FD34A0E00A3F8F5 /* DailySkyTests.swift */; };
		6191A93C2FD34A0E00A3F8F5 /* DailySkyUITests.swift in Sources */ = {isa = PBXBuildFile; fileRef = 6191A93B2FD34A0E00A3F8F5 /* DailySkyUITests.swift */; };
		6191A93E2FD34A0E00A3F8F5 /* DailySkyUITestsLaunchTests.swift in Sources */ = {isa = PBXBuildFile; fileRef = 6191A93D2FD34A0E00A3F8F5 /* DailySkyUITestsLaunchTests.swift */; };
		6191A94F2FD35C1000A3F8F5 /* HomeView.swift in Sources */ = {isa = PBXBuildFile; fileRef = 6191A94E2FD35C1000A3F8F5 /* HomeView.swift */; };
		6191A9512FD35CC700A3F8F5 /* LocationWeatherData.swift in Sources */ = {isa = PBXBuildFile; fileRef = 6191A9502FD35CC700A3F8F5 /* LocationWeatherData.swift */; };
		6191A9562FD3631500A3F8F5 /* SpaceGrotesk-Regular.ttf in Resources */ = {isa = PBXBuildFile; fileRef = 6191A9552FD3631500A3F8F5 /* SpaceGrotesk-Regular.ttf */; };
		6191A9582FD3632100A3F8F5 /* SpaceGrotesk-SemiBold.ttf in Resources */ = {isa = PBXBuildFile; fileRef = 6191A9572FD3632100A3F8F5 /* SpaceGrotesk-SemiBold.ttf */; };
		6191A95A2FD3632A00A3F8F5 /* SpaceGrotesk-Bold.ttf in Resources */ = {isa = PBXBuildFile; fileRef = 6191A9592FD3632900A3F8F5 /* SpaceGrotesk-Bold.ttf */; };
		6191A95C2FD3633400A3F8F5 /* SpaceGrotesk-Medium.ttf in Resources */ = {isa = PBXBuildFile; fileRef = 6191A95B2FD3633400A3F8F5 /* SpaceGrotesk-Medium.ttf */; };
		61C90B102FD3744700482687 /* SpaceGrotesk-Light.ttf in Resources */ = {isa = PBXBuildFile; fileRef = 61C90B0F2FD3744700482687 /* SpaceGrotesk-Light.ttf */; };
		61CACB0E2FD9CAC100003FE2 /* LocalHomeServiceProtocol.swift in Sources */ = {isa = PBXBuildFile; fileRef = 61CACB0D2FD9CAC100003FE2 /* LocalHomeServiceProtocol.swift */; };
		61CACB102FD9D8D700003FE2 /* HomeServiceLocal.swift in Sources */ = {isa = PBXBuildFile; fileRef = 61CACB0F2FD9D8D700003FE2 /* HomeServiceLocal.swift */; };
		61CACB122FD9F51300003FE2 /* HomeRepoProtocol.swift in Sources */ = {isa = PBXBuildFile; fileRef = 61CACB112FD9F51300003FE2 /* HomeRepoProtocol.swift */; };
		61CACB142FD9F56600003FE2 /* HomeRepo.swift in Sources */ = {isa = PBXBuildFile; fileRef = 61CACB132FD9F56600003FE2 /* HomeRepo.swift */; };
		61CACB162FD9FC8000003FE2 /* HomeViewModel.swift in Sources */ = {isa = PBXBuildFile; fileRef = 61CACB152FD9FC8000003FE2 /* HomeViewModel.swift */; };
		61CACB182FDA258D00003FE2 /* AppConatiner.swift in Sources */ = {isa = PBXBuildFile; fileRef = 61CACB172FDA258D00003FE2 /* AppConatiner.swift */; };
		61CACB1B2FDA35C200003FE2 /* WeatherUIModel.swift in Sources */ = {isa = PBXBuildFile; fileRef = 61CACB1A2FDA35C200003FE2 /* WeatherUIModel.swift */; };
		61CACB1D2FDA3CB400003FE2 /* DayWeather.swift in Sources */ = {isa = PBXBuildFile; fileRef = 61CACB1C2FDA3CB400003FE2 /* DayWeather.swift */; };
		61CACB1F2FDA495900003FE2 /* NetworkError.swift in Sources */ = {isa = PBXBuildFile; fileRef = 61CACB1E2FDA495900003FE2 /* NetworkError.swift */; };
		61DDDE262FDAFC89009BDDE4 /* HomeBody.swift in Sources */ = {isa = PBXBuildFile; fileRef = 61DDDE252FDAFC89009BDDE4 /* HomeBody.swift */; };
		61F0C4542FD93FE300E2C7A8 /* WeatherResponse.swift in Sources */ = {isa = PBXBuildFile; fileRef = 61F0C4532FD93FE300E2C7A8 /* WeatherResponse.swift */; };
		61F0C4562FD9402B00E2C7A8 /* Location.swift in Sources */ = {isa = PBXBuildFile; fileRef = 61F0C4552FD9402B00E2C7A8 /* Location.swift */; };
		61F0C4592FD9405B00E2C7A8 /* CurrentWeather.swift in Sources */ = {isa = PBXBuildFile; fileRef = 61F0C4582FD9405B00E2C7A8 /* CurrentWeather.swift */; };
		61F0C45B2FD9407B00E2C7A8 /* Condition.swift in Sources */ = {isa = PBXBuildFile; fileRef = 61F0C45A2FD9407B00E2C7A8 /* Condition.swift */; };
		61F0C45D2FD942F400E2C7A8 /* Forecast.swift in Sources */ = {isa = PBXBuildFile; fileRef = 61F0C45C2FD942F400E2C7A8 /* Forecast.swift */; };
		61F0C45F2FD9430B00E2C7A8 /* ForecastDay.swift in Sources */ = {isa = PBXBuildFile; fileRef = 61F0C45E2FD9430B00E2C7A8 /* ForecastDay.swift */; };
		61F0C4662FD9450A00E2C7A8 /* Alamofire in Frameworks */ = {isa = PBXBuildFile; productRef = 61F0C4652FD9450A00E2C7A8 /* Alamofire */; };
		61F0C4682FD94FFA00E2C7A8 /* RemoteHomeSeviceProtcol.swift in Sources */ = {isa = PBXBuildFile; fileRef = 61F0C4672FD94FFA00E2C7A8 /* RemoteHomeSeviceProtcol.swift */; };
		61F0C46A2FD956F400E2C7A8 /* RemoteHomeServive.swift in Sources */ = {isa = PBXBuildFile; fileRef = 61F0C4692FD956F400E2C7A8 /* RemoteHomeServive.swift */; };
		61F0C46C2FD9AFFD00E2C7A8 /* Hour.swift in Sources */ = {isa = PBXBuildFile; fileRef = 61F0C46B2FD9AFFD00E2C7A8 /* Hour.swift */; };
/* End PBXBuildFile section */

/* Begin PBXContainerItemProxy section */
		6191A92E2FD34A0E00A3F8F5 /* PBXContainerItemProxy */ = {
			isa = PBXContainerItemProxy;
			containerPortal = 6191A9102FD34A0B00A3F8F5 /* Project object */;
			proxyType = 1;
			remoteGlobalIDString = 6191A9172FD34A0B00A3F8F5;
			remoteInfo = DailySky;
		};
		6191A9382FD34A0E00A3F8F5 /* PBXContainerItemProxy */ = {
			isa = PBXContainerItemProxy;
			containerPortal = 6191A9102FD34A0B00A3F8F5 /* Project object */;
			proxyType = 1;
			remoteGlobalIDString = 6191A9172FD34A0B00A3F8F5;
			remoteInfo = DailySky;
		};
/* End PBXContainerItemProxy section */

/* Begin PBXFileReference section */
		616F4CD22FD78FF00082C3CD /* WeatherDataItem.swift */ = {isa = PBXFileReference; lastKnownFileType = sourcecode.swift; path = WeatherDataItem.swift; sourceTree = "<group>"; };
		61770AEE2FD808D9000690BD /* ForecastDayItem.swift */ = {isa = PBXFileReference; lastKnownFileType = sourcecode.swift; path = ForecastDayItem.swift; sourceTree = "<group>"; };
		6191A9182FD34A0B00A3F8F5 /* DailySky.app */ = {isa = PBXFileReference; explicitFileType = wrapper.application; includeInIndex = 0; path = DailySky.app; sourceTree = BUILT_PRODUCTS_DIR; };
		6191A91B2FD34A0B00A3F8F5 /* DailySkyApp.swift */ = {isa = PBXFileReference; lastKnownFileType = sourcecode.swift; path = DailySkyApp.swift; sourceTree = "<group>"; };
		6191A91F2FD34A0D00A3F8F5 /* Assets.xcassets */ = {isa = PBXFileReference; lastKnownFileType = folder.assetcatalog; path = Assets.xcassets; sourceTree = "<group>"; };
		6191A9222FD34A0D00A3F8F5 /* Preview Assets.xcassets */ = {isa = PBXFileReference; lastKnownFileType = folder.assetcatalog; path = "Preview Assets.xcassets"; sourceTree = "<group>"; };
		6191A9242FD34A0D00A3F8F5 /* CoreDataController.swift */ = {isa = PBXFileReference; lastKnownFileType = sourcecode.swift; path = CoreDataController.swift; sourceTree = "<group>"; };
		6191A9272FD34A0D00A3F8F5 /* DailySky.xcdatamodel */ = {isa = PBXFileReference; lastKnownFileType = wrapper.xcdatamodel; path = DailySky.xcdatamodel; sourceTree = "<group>"; };
		6191A92D2FD34A0E00A3F8F5 /* DailySkyTests.xctest */ = {isa = PBXFileReference; explicitFileType = wrapper.cfbundle; includeInIndex = 0; path = DailySkyTests.xctest; sourceTree = BUILT_PRODUCTS_DIR; };
		6191A9312FD34A0E00A3F8F5 /* DailySkyTests.swift */ = {isa = PBXFileReference; lastKnownFileType = sourcecode.swift; path = DailySkyTests.swift; sourceTree = "<group>"; };
		6191A9372FD34A0E00A3F8F5 /* DailySkyUITests.xctest */ = {isa = PBXFileReference; explicitFileType = wrapper.cfbundle; includeInIndex = 0; path = DailySkyUITests.xctest; sourceTree = BUILT_PRODUCTS_DIR; };
		6191A93B2FD34A0E00A3F8F5 /* DailySkyUITests.swift */ = {isa = PBXFileReference; lastKnownFileType = sourcecode.swift; path = DailySkyUITests.swift; sourceTree = "<group>"; };
		6191A93D2FD34A0E00A3F8F5 /* DailySkyUITestsLaunchTests.swift */ = {isa = PBXFileReference; lastKnownFileType = sourcecode.swift; path = DailySkyUITestsLaunchTests.swift; sourceTree = "<group>"; };
		6191A94E2FD35C1000A3F8F5 /* HomeView.swift */ = {isa = PBXFileReference; lastKnownFileType = sourcecode.swift; path = HomeView.swift; sourceTree = "<group>"; };
		6191A9502FD35CC700A3F8F5 /* LocationWeatherData.swift */ = {isa = PBXFileReference; lastKnownFileType = sourcecode.swift; path = LocationWeatherData.swift; sourceTree = "<group>"; };
		6191A9552FD3631500A3F8F5 /* SpaceGrotesk-Regular.ttf */ = {isa = PBXFileReference; lastKnownFileType = file; path = "SpaceGrotesk-Regular.ttf"; sourceTree = "<group>"; };
		6191A9572FD3632100A3F8F5 /* SpaceGrotesk-SemiBold.ttf */ = {isa = PBXFileReference; lastKnownFileType = file; path = "SpaceGrotesk-SemiBold.ttf"; sourceTree = "<group>"; };
		6191A9592FD3632900A3F8F5 /* SpaceGrotesk-Bold.ttf */ = {isa = PBXFileReference; lastKnownFileType = file; path = "SpaceGrotesk-Bold.ttf"; sourceTree = "<group>"; };
		6191A95B2FD3633400A3F8F5 /* SpaceGrotesk-Medium.ttf */ = {isa = PBXFileReference; lastKnownFileType = file; path = "SpaceGrotesk-Medium.ttf"; sourceTree = "<group>"; };
		61C90B0E2FD3639200482687 /* Info.plist */ = {isa = PBXFileReference; lastKnownFileType = text.plist; path = Info.plist; sourceTree = "<group>"; };
		61C90B0F2FD3744700482687 /* SpaceGrotesk-Light.ttf */ = {isa = PBXFileReference; lastKnownFileType = file; path = "SpaceGrotesk-Light.ttf"; sourceTree = "<group>"; };
		61CACB0D2FD9CAC100003FE2 /* LocalHomeServiceProtocol.swift */ = {isa = PBXFileReference; lastKnownFileType = sourcecode.swift; path = LocalHomeServiceProtocol.swift; sourceTree = "<group>"; };
		61CACB0F2FD9D8D700003FE2 /* HomeServiceLocal.swift */ = {isa = PBXFileReference; lastKnownFileType = sourcecode.swift; path = HomeServiceLocal.swift; sourceTree = "<group>"; };
		61CACB112FD9F51300003FE2 /* HomeRepoProtocol.swift */ = {isa = PBXFileReference; lastKnownFileType = sourcecode.swift; path = HomeRepoProtocol.swift; sourceTree = "<group>"; };
		61CACB132FD9F56600003FE2 /* HomeRepo.swift */ = {isa = PBXFileReference; lastKnownFileType = sourcecode.swift; path = HomeRepo.swift; sourceTree = "<group>"; };
		61CACB152FD9FC8000003FE2 /* HomeViewModel.swift */ = {isa = PBXFileReference; lastKnownFileType = sourcecode.swift; path = HomeViewModel.swift; sourceTree = "<group>"; };
		61CACB172FDA258D00003FE2 /* AppConatiner.swift */ = {isa = PBXFileReference; lastKnownFileType = sourcecode.swift; path = AppConatiner.swift; sourceTree = "<group>"; };
		61CACB1A2FDA35C200003FE2 /* WeatherUIModel.swift */ = {isa = PBXFileReference; lastKnownFileType = sourcecode.swift; path = WeatherUIModel.swift; sourceTree = "<group>"; };
		61CACB1C2FDA3CB400003FE2 /* DayWeather.swift */ = {isa = PBXFileReference; fileEncoding = 4; lastKnownFileType = sourcecode.swift; path = DayWeather.swift; sourceTree = "<group>"; };
		61CACB1E2FDA495900003FE2 /* NetworkError.swift */ = {isa = PBXFileReference; lastKnownFileType = sourcecode.swift; path = NetworkError.swift; sourceTree = "<group>"; };
		61DDDE252FDAFC89009BDDE4 /* HomeBody.swift */ = {isa = PBXFileReference; lastKnownFileType = sourcecode.swift; path = HomeBody.swift; sourceTree = "<group>"; };
		61F0C4532FD93FE300E2C7A8 /* WeatherResponse.swift */ = {isa = PBXFileReference; lastKnownFileType = sourcecode.swift; path = WeatherResponse.swift; sourceTree = "<group>"; };
		61F0C4552FD9402B00E2C7A8 /* Location.swift */ = {isa = PBXFileReference; lastKnownFileType = sourcecode.swift; path = Location.swift; sourceTree = "<group>"; };
		61F0C4582FD9405B00E2C7A8 /* CurrentWeather.swift */ = {isa = PBXFileReference; lastKnownFileType = sourcecode.swift; path = CurrentWeather.swift; sourceTree = "<group>"; };
		61F0C45A2FD9407B00E2C7A8 /* Condition.swift */ = {isa = PBXFileReference; lastKnownFileType = sourcecode.swift; path = Condition.swift; sourceTree = "<group>"; };
		61F0C45C2FD942F400E2C7A8 /* Forecast.swift */ = {isa = PBXFileReference; lastKnownFileType = sourcecode.swift; path = Forecast.swift; sourceTree = "<group>"; };
		61F0C45E2FD9430B00E2C7A8 /* ForecastDay.swift */ = {isa = PBXFileReference; lastKnownFileType = sourcecode.swift; path = ForecastDay.swift; sourceTree = "<group>"; };
		61F0C4672FD94FFA00E2C7A8 /* RemoteHomeSeviceProtcol.swift */ = {isa = PBXFileReference; lastKnownFileType = sourcecode.swift; path = RemoteHomeSeviceProtcol.swift; sourceTree = "<group>"; };
		61F0C4692FD956F400E2C7A8 /* RemoteHomeServive.swift */ = {isa = PBXFileReference; lastKnownFileType = sourcecode.swift; path = RemoteHomeServive.swift; sourceTree = "<group>"; };
		61F0C46B2FD9AFFD00E2C7A8 /* Hour.swift */ = {isa = PBXFileReference; lastKnownFileType = sourcecode.swift; path = Hour.swift; sourceTree = "<group>"; };
/* End PBXFileReference section */

/* Begin PBXFrameworksBuildPhase section */
		6191A9152FD34A0B00A3F8F5 /* Frameworks */ = {
			isa = PBXFrameworksBuildPhase;
			buildActionMask = 2147483647;
			files = (
				61F0C4662FD9450A00E2C7A8 /* Alamofire in Frameworks */,
			);
			runOnlyForDeploymentPostprocessing = 0;
		};
		6191A92A2FD34A0E00A3F8F5 /* Frameworks */ = {
			isa = PBXFrameworksBuildPhase;
			buildActionMask = 2147483647;
			files = (
			);
			runOnlyForDeploymentPostprocessing = 0;
		};
		6191A9342FD34A0E00A3F8F5 /* Frameworks */ = {
			isa = PBXFrameworksBuildPhase;
			buildActionMask = 2147483647;
			files = (
			);
			runOnlyForDeploymentPostprocessing = 0;
		};
/* End PBXFrameworksBuildPhase section */

/* Begin PBXGroup section */
		6191A90F2FD34A0B00A3F8F5 = {
			isa = PBXGroup;
			children = (
				6191A91A2FD34A0B00A3F8F5 /* DailySky */,
				6191A9302FD34A0E00A3F8F5 /* DailySkyTests */,
				6191A93A2FD34A0E00A3F8F5 /* DailySkyUITests */,
				6191A9192FD34A0B00A3F8F5 /* Products */,
			);
			sourceTree = "<group>";
		};
		6191A9192FD34A0B00A3F8F5 /* Products */ = {
			isa = PBXGroup;
			children = (
				6191A9182FD34A0B00A3F8F5 /* DailySky.app */,
				6191A92D2FD34A0E00A3F8F5 /* DailySkyTests.xctest */,
				6191A9372FD34A0E00A3F8F5 /* DailySkyUITests.xctest */,
			);
			name = Products;
			sourceTree = "<group>";
		};
		6191A91A2FD34A0B00A3F8F5 /* DailySky */ = {
			isa = PBXGroup;
			children = (
				61C90B0E2FD3639200482687 /* Info.plist */,
				6191A9522FD362D400A3F8F5 /* Font */,
				6191A94A2FD35BDE00A3F8F5 /* Home */,
				6191A91B2FD34A0B00A3F8F5 /* DailySkyApp.swift */,
				6191A91F2FD34A0D00A3F8F5 /* Assets.xcassets */,
				6191A9242FD34A0D00A3F8F5 /* CoreDataController.swift */,
				6191A9262FD34A0D00A3F8F5 /* DailySky.xcdatamodeld */,
				6191A9212FD34A0D00A3F8F5 /* Preview Content */,
				61CACB172FDA258D00003FE2 /* AppConatiner.swift */,
				61CACB1E2FDA495900003FE2 /* NetworkError.swift */,
			);
			path = DailySky;
			sourceTree = "<group>";
		};
		6191A9212FD34A0D00A3F8F5 /* Preview Content */ = {
			isa = PBXGroup;
			children = (
				6191A9222FD34A0D00A3F8F5 /* Preview Assets.xcassets */,
			);
			path = "Preview Content";
			sourceTree = "<group>";
		};
		6191A9302FD34A0E00A3F8F5 /* DailySkyTests */ = {
			isa = PBXGroup;
			children = (
				6191A9312FD34A0E00A3F8F5 /* DailySkyTests.swift */,
			);
			path = DailySkyTests;
			sourceTree = "<group>";
		};
		6191A93A2FD34A0E00A3F8F5 /* DailySkyUITests */ = {
			isa = PBXGroup;
			children = (
				6191A93B2FD34A0E00A3F8F5 /* DailySkyUITests.swift */,
				6191A93D2FD34A0E00A3F8F5 /* DailySkyUITestsLaunchTests.swift */,
			);
			path = DailySkyUITests;
			sourceTree = "<group>";
		};
		6191A94A2FD35BDE00A3F8F5 /* Home */ = {
			isa = PBXGroup;
			children = (
				61CACB192FDA35AC00003FE2 /* UIModel */,
				6191A94D2FD35BFC00A3F8F5 /* View */,
				6191A94C2FD35BF300A3F8F5 /* ViewModel */,
				6191A94B2FD35BE600A3F8F5 /* Model */,
			);
			path = Home;
			sourceTree = "<group>";
		};
		6191A94B2FD35BE600A3F8F5 /* Model */ = {
			isa = PBXGroup;
			children = (
				61F0C4522FD93F8300E2C7A8 /* repo */,
				61F0C4512FD93F7B00E2C7A8 /* service */,
				61F0C4502FD93F6F00E2C7A8 /* model */,
			);
			path = Model;
			sourceTree = "<group>";
		};
		6191A94C2FD35BF300A3F8F5 /* ViewModel */ = {
			isa = PBXGroup;
			children = (
				61CACB152FD9FC8000003FE2 /* HomeViewModel.swift */,
			);
			path = ViewModel;
			sourceTree = "<group>";
		};
		6191A94D2FD35BFC00A3F8F5 /* View */ = {
			isa = PBXGroup;
			children = (
				6191A94E2FD35C1000A3F8F5 /* HomeView.swift */,
				6191A9502FD35CC700A3F8F5 /* LocationWeatherData.swift */,
				616F4CD22FD78FF00082C3CD /* WeatherDataItem.swift */,
				61770AEE2FD808D9000690BD /* ForecastDayItem.swift */,
				61DDDE252FDAFC89009BDDE4 /* HomeBody.swift */,
			);
			path = View;
			sourceTree = "<group>";
		};
		6191A9522FD362D400A3F8F5 /* Font */ = {
			isa = PBXGroup;
			children = (
				6191A9572FD3632100A3F8F5 /* SpaceGrotesk-SemiBold.ttf */,
				6191A9592FD3632900A3F8F5 /* SpaceGrotesk-Bold.ttf */,
				61C90B0F2FD3744700482687 /* SpaceGrotesk-Light.ttf */,
				6191A95B2FD3633400A3F8F5 /* SpaceGrotesk-Medium.ttf */,
				6191A9552FD3631500A3F8F5 /* SpaceGrotesk-Regular.ttf */,
			);
			path = Font;
			sourceTree = "<group>";
		};
		61CACB192FDA35AC00003FE2 /* UIModel */ = {
			isa = PBXGroup;
			children = (
				61CACB1A2FDA35C200003FE2 /* WeatherUIModel.swift */,
			);
			path = UIModel;
			sourceTree = "<group>";
		};
		61F0C4502FD93F6F00E2C7A8 /* model */ = {
			isa = PBXGroup;
			children = (
				61F0C4532FD93FE300E2C7A8 /* WeatherResponse.swift */,
				61F0C4552FD9402B00E2C7A8 /* Location.swift */,
				61F0C4582FD9405B00E2C7A8 /* CurrentWeather.swift */,
				61F0C45A2FD9407B00E2C7A8 /* Condition.swift */,
				61F0C45C2FD942F400E2C7A8 /* Forecast.swift */,
				61CACB1C2FDA3CB400003FE2 /* DayWeather.swift */,
				61F0C45E2FD9430B00E2C7A8 /* ForecastDay.swift */,
				61F0C46B2FD9AFFD00E2C7A8 /* Hour.swift */,
			);
			path = model;
			sourceTree = "<group>";
		};
		61F0C4512FD93F7B00E2C7A8 /* service */ = {
			isa = PBXGroup;
			children = (
				61F0C4632FD9435700E2C7A8 /* remote */,
				61F0C4622FD9434B00E2C7A8 /* local */,
			);
			path = service;
			sourceTree = "<group>";
		};
		61F0C4522FD93F8300E2C7A8 /* repo */ = {
			isa = PBXGroup;
			children = (
				61CACB112FD9F51300003FE2 /* HomeRepoProtocol.swift */,
				61CACB132FD9F56600003FE2 /* HomeRepo.swift */,
			);
			path = repo;
			sourceTree = "<group>";
		};
		61F0C4622FD9434B00E2C7A8 /* local */ = {
			isa = PBXGroup;
			children = (
				61CACB0D2FD9CAC100003FE2 /* LocalHomeServiceProtocol.swift */,
				61CACB0F2FD9D8D700003FE2 /* HomeServiceLocal.swift */,
			);
			path = local;
			sourceTree = "<group>";
		};
		61F0C4632FD9435700E2C7A8 /* remote */ = {
			isa = PBXGroup;
			children = (
				61F0C4672FD94FFA00E2C7A8 /* RemoteHomeSeviceProtcol.swift */,
				61F0C4692FD956F400E2C7A8 /* RemoteHomeServive.swift */,
			);
			path = remote;
			sourceTree = "<group>";
		};
/* End PBXGroup section */

/* Begin PBXNativeTarget section */
		6191A9172FD34A0B00A3F8F5 /* DailySky */ = {
			isa = PBXNativeTarget;
			buildConfigurationList = 6191A9412FD34A0E00A3F8F5 /* Build configuration list for PBXNativeTarget "DailySky" */;
			buildPhases = (
				6191A9142FD34A0B00A3F8F5 /* Sources */,
				6191A9152FD34A0B00A3F8F5 /* Frameworks */,
				6191A9162FD34A0B00A3F8F5 /* Resources */,
			);
			buildRules = (
			);
			dependencies = (
			);
			name = DailySky;
			packageProductDependencies = (
				61F0C4652FD9450A00E2C7A8 /* Alamofire */,
			);
			productName = DailySky;
			productReference = 6191A9182FD34A0B00A3F8F5 /* DailySky.app */;
			productType = "com.apple.product-type.application";
		};
		6191A92C2FD34A0E00A3F8F5 /* DailySkyTests */ = {
			isa = PBXNativeTarget;
			buildConfigurationList = 6191A9442FD34A0E00A3F8F5 /* Build configuration list for PBXNativeTarget "DailySkyTests" */;
			buildPhases = (
				6191A9292FD34A0E00A3F8F5 /* Sources */,
				6191A92A2FD34A0E00A3F8F5 /* Frameworks */,
				6191A92B2FD34A0E00A3F8F5 /* Resources */,
			);
			buildRules = (
			);
			dependencies = (
				6191A92F2FD34A0E00A3F8F5 /* PBXTargetDependency */,
			);
			name = DailySkyTests;
			productName = DailySkyTests;
			productReference = 6191A92D2FD34A0E00A3F8F5 /* DailySkyTests.xctest */;
			productType = "com.apple.product-type.bundle.unit-test";
		};
		6191A9362FD34A0E00A3F8F5 /* DailySkyUITests */ = {
			isa = PBXNativeTarget;
			buildConfigurationList = 6191A9472FD34A0E00A3F8F5 /* Build configuration list for PBXNativeTarget "DailySkyUITests" */;
			buildPhases = (
				6191A9332FD34A0E00A3F8F5 /* Sources */,
				6191A9342FD34A0E00A3F8F5 /* Frameworks */,
				6191A9352FD34A0E00A3F8F5 /* Resources */,
			);
			buildRules = (
			);
			dependencies = (
				6191A9392FD34A0E00A3F8F5 /* PBXTargetDependency */,
			);
			name = DailySkyUITests;
			productName = DailySkyUITests;
			productReference = 6191A9372FD34A0E00A3F8F5 /* DailySkyUITests.xctest */;
			productType = "com.apple.product-type.bundle.ui-testing";
		};
/* End PBXNativeTarget section */

/* Begin PBXProject section */
		6191A9102FD34A0B00A3F8F5 /* Project object */ = {
			isa = PBXProject;
			attributes = {
				BuildIndependentTargetsInParallel = 1;
				LastSwiftUpdateCheck = 1430;
				LastUpgradeCheck = 1430;
				TargetAttributes = {
					6191A9172FD34A0B00A3F8F5 = {
						CreatedOnToolsVersion = 14.3.1;
					};
					6191A92C2FD34A0E00A3F8F5 = {
						CreatedOnToolsVersion = 14.3.1;
						TestTargetID = 6191A9172FD34A0B00A3F8F5;
					};
					6191A9362FD34A0E00A3F8F5 = {
						CreatedOnToolsVersion = 14.3.1;
						TestTargetID = 6191A9172FD34A0B00A3F8F5;
					};
				};
			};
			buildConfigurationList = 6191A9132FD34A0B00A3F8F5 /* Build configuration list for PBXProject "DailySky" */;
			compatibilityVersion = "Xcode 14.0";
			developmentRegion = en;
			hasScannedForEncodings = 0;
			knownRegions = (
				en,
				Base,
			);
			mainGroup = 6191A90F2FD34A0B00A3F8F5;
			packageReferences = (
				61F0C4642FD9450900E2C7A8 /* XCRemoteSwiftPackageReference "Alamofire" */,
			);
			productRefGroup = 6191A9192FD34A0B00A3F8F5 /* Products */;
			projectDirPath = "";
			projectRoot = "";
			targets = (
				6191A9172FD34A0B00A3F8F5 /* DailySky */,
				6191A92C2FD34A0E00A3F8F5 /* DailySkyTests */,
				6191A9362FD34A0E00A3F8F5 /* DailySkyUITests */,
			);
		};
/* End PBXProject section */

/* Begin PBXResourcesBuildPhase section */
		6191A9162FD34A0B00A3F8F5 /* Resources */ = {
			isa = PBXResourcesBuildPhase;
			buildActionMask = 2147483647;
			files = (
				6191A9582FD3632100A3F8F5 /* SpaceGrotesk-SemiBold.ttf in Resources */,
				6191A9232FD34A0D00A3F8F5 /* Preview Assets.xcassets in Resources */,
				6191A95C2FD3633400A3F8F5 /* SpaceGrotesk-Medium.ttf in Resources */,
				6191A95A2FD3632A00A3F8F5 /* SpaceGrotesk-Bold.ttf in Resources */,
				6191A9202FD34A0D00A3F8F5 /* Assets.xcassets in Resources */,
				6191A9562FD3631500A3F8F5 /* SpaceGrotesk-Regular.ttf in Resources */,
				61C90B102FD3744700482687 /* SpaceGrotesk-Light.ttf in Resources */,
			);
			runOnlyForDeploymentPostprocessing = 0;
		};
		6191A92B2FD34A0E00A3F8F5 /* Resources */ = {
			isa = PBXResourcesBuildPhase;
			buildActionMask = 2147483647;
			files = (
			);
			runOnlyForDeploymentPostprocessing = 0;
		};
		6191A9352FD34A0E00A3F8F5 /* Resources */ = {
			isa = PBXResourcesBuildPhase;
			buildActionMask = 2147483647;
			files = (
			);
			runOnlyForDeploymentPostprocessing = 0;
		};
/* End PBXResourcesBuildPhase section */

/* Begin PBXSourcesBuildPhase section */
		6191A9142FD34A0B00A3F8F5 /* Sources */ = {
			isa = PBXSourcesBuildPhase;
			buildActionMask = 2147483647;
			files = (
				6191A9252FD34A0D00A3F8F5 /* CoreDataController.swift in Sources */,
				61CACB1D2FDA3CB400003FE2 /* DayWeather.swift in Sources */,
				61DDDE262FDAFC89009BDDE4 /* HomeBody.swift in Sources */,
				61F0C45B2FD9407B00E2C7A8 /* Condition.swift in Sources */,
				61F0C4592FD9405B00E2C7A8 /* CurrentWeather.swift in Sources */,
				61CACB102FD9D8D700003FE2 /* HomeServiceLocal.swift in Sources */,
				61CACB1B2FDA35C200003FE2 /* WeatherUIModel.swift in Sources */,
				61CACB162FD9FC8000003FE2 /* HomeViewModel.swift in Sources */,
				61F0C4562FD9402B00E2C7A8 /* Location.swift in Sources */,
				616F4CD32FD78FF00082C3CD /* WeatherDataItem.swift in Sources */,
				61CACB0E2FD9CAC100003FE2 /* LocalHomeServiceProtocol.swift in Sources */,
				61CACB122FD9F51300003FE2 /* HomeRepoProtocol.swift in Sources */,
				6191A91C2FD34A0B00A3F8F5 /* DailySkyApp.swift in Sources */,
				61F0C45F2FD9430B00E2C7A8 /* ForecastDay.swift in Sources */,
				61F0C45D2FD942F400E2C7A8 /* Forecast.swift in Sources */,
				61CACB182FDA258D00003FE2 /* AppConatiner.swift in Sources */,
				61770AEF2FD808D9000690BD /* ForecastDayItem.swift in Sources */,
				6191A9512FD35CC700A3F8F5 /* LocationWeatherData.swift in Sources */,
				6191A94F2FD35C1000A3F8F5 /* HomeView.swift in Sources */,
				61F0C4542FD93FE300E2C7A8 /* WeatherResponse.swift in Sources */,
				61CACB1F2FDA495900003FE2 /* NetworkError.swift in Sources */,
				61F0C46A2FD956F400E2C7A8 /* RemoteHomeServive.swift in Sources */,
				61CACB142FD9F56600003FE2 /* HomeRepo.swift in Sources */,
				61F0C46C2FD9AFFD00E2C7A8 /* Hour.swift in Sources */,
				6191A9282FD34A0D00A3F8F5 /* DailySky.xcdatamodeld in Sources */,
				61F0C4682FD94FFA00E2C7A8 /* RemoteHomeSeviceProtcol.swift in Sources */,
			);
			runOnlyForDeploymentPostprocessing = 0;
		};
		6191A9292FD34A0E00A3F8F5 /* Sources */ = {
			isa = PBXSourcesBuildPhase;
			buildActionMask = 2147483647;
			files = (
				6191A9322FD34A0E00A3F8F5 /* DailySkyTests.swift in Sources */,
			);
			runOnlyForDeploymentPostprocessing = 0;
		};
		6191A9332FD34A0E00A3F8F5 /* Sources */ = {
			isa = PBXSourcesBuildPhase;
			buildActionMask = 2147483647;
			files = (
				6191A93E2FD34A0E00A3F8F5 /* DailySkyUITestsLaunchTests.swift in Sources */,
				6191A93C2FD34A0E00A3F8F5 /* DailySkyUITests.swift in Sources */,
			);
			runOnlyForDeploymentPostprocessing = 0;
		};
/* End PBXSourcesBuildPhase section */

/* Begin PBXTargetDependency section */
		6191A92F2FD34A0E00A3F8F5 /* PBXTargetDependency */ = {
			isa = PBXTargetDependency;
			target = 6191A9172FD34A0B00A3F8F5 /* DailySky */;
			targetProxy = 6191A92E2FD34A0E00A3F8F5 /* PBXContainerItemProxy */;
		};
		6191A9392FD34A0E00A3F8F5 /* PBXTargetDependency */ = {
			isa = PBXTargetDependency;
			target = 6191A9172FD34A0B00A3F8F5 /* DailySky */;
			targetProxy = 6191A9382FD34A0E00A3F8F5 /* PBXContainerItemProxy */;
		};
/* End PBXTargetDependency section */

/* Begin XCBuildConfiguration section */
		6191A93F2FD34A0E00A3F8F5 /* Debug */ = {
			isa = XCBuildConfiguration;
			buildSettings = {
				ALWAYS_SEARCH_USER_PATHS = NO;
				CLANG_ANALYZER_NONNULL = YES;
				CLANG_ANALYZER_NUMBER_OBJECT_CONVERSION = YES_AGGRESSIVE;
				CLANG_CXX_LANGUAGE_STANDARD = "gnu++20";
				CLANG_ENABLE_MODULES = YES;
				CLANG_ENABLE_OBJC_ARC = YES;
				CLANG_ENABLE_OBJC_WEAK = YES;
				CLANG_WARN_BLOCK_CAPTURE_AUTORELEASING = YES;
				CLANG_WARN_BOOL_CONVERSION = YES;
				CLANG_WARN_COMMA = YES;
				CLANG_WARN_CONSTANT_CONVERSION = YES;
				CLANG_WARN_DEPRECATED_OBJC_IMPLEMENTATIONS = YES;
				CLANG_WARN_DIRECT_OBJC_ISA_USAGE = YES_ERROR;
				CLANG_WARN_DOCUMENTATION_COMMENTS = YES;
				CLANG_WARN_EMPTY_BODY = YES;
				CLANG_WARN_ENUM_CONVERSION = YES;
				CLANG_WARN_INFINITE_RECURSION = YES;
				CLANG_WARN_INT_CONVERSION = YES;
				CLANG_WARN_NON_LITERAL_NULL_CONVERSION = YES;
				CLANG_WARN_OBJC_IMPLICIT_RETAIN_SELF = YES;
				CLANG_WARN_OBJC_LITERAL_CONVERSION = YES;
				CLANG_WARN_OBJC_ROOT_CLASS = YES_ERROR;
				CLANG_WARN_QUOTED_INCLUDE_IN_FRAMEWORK_HEADER = YES;
				CLANG_WARN_RANGE_LOOP_ANALYSIS = YES;
				CLANG_WARN_STRICT_PROTOTYPES = YES;
				CLANG_WARN_SUSPICIOUS_MOVE = YES;
				CLANG_WARN_UNGUARDED_AVAILABILITY = YES_AGGRESSIVE;
				CLANG_WARN_UNREACHABLE_CODE = YES;
				CLANG_WARN__DUPLICATE_METHOD_MATCH = YES;
				COPY_PHASE_STRIP = NO;
				DEBUG_INFORMATION_FORMAT = dwarf;
				ENABLE_STRICT_OBJC_MSGSEND = YES;
				ENABLE_TESTABILITY = YES;
				GCC_C_LANGUAGE_STANDARD = gnu11;
				GCC_DYNAMIC_NO_PIC = NO;
				GCC_NO_COMMON_BLOCKS = YES;
				GCC_OPTIMIZATION_LEVEL = 0;
				GCC_PREPROCESSOR_DEFINITIONS = (
					"DEBUG=1",
					"$(inherited)",
				);
				GCC_WARN_64_TO_32_BIT_CONVERSION = YES;
				GCC_WARN_ABOUT_RETURN_TYPE = YES_ERROR;
				GCC_WARN_UNDECLARED_SELECTOR = YES;
				GCC_WARN_UNINITIALIZED_AUTOS = YES_AGGRESSIVE;
				GCC_WARN_UNUSED_FUNCTION = YES;
				GCC_WARN_UNUSED_VARIABLE = YES;
				IPHONEOS_DEPLOYMENT_TARGET = 16.4;
				MTL_ENABLE_DEBUG_INFO = INCLUDE_SOURCE;
				MTL_FAST_MATH = YES;
				ONLY_ACTIVE_ARCH = YES;
				SDKROOT = iphoneos;
				SWIFT_ACTIVE_COMPILATION_CONDITIONS = DEBUG;
				SWIFT_OPTIMIZATION_LEVEL = "-Onone";
			};
			name = Debug;
		};
		6191A9402FD34A0E00A3F8F5 /* Release */ = {
			isa = XCBuildConfiguration;
			buildSettings = {
				ALWAYS_SEARCH_USER_PATHS = NO;
				CLANG_ANALYZER_NONNULL = YES;
				CLANG_ANALYZER_NUMBER_OBJECT_CONVERSION = YES_AGGRESSIVE;
				CLANG_CXX_LANGUAGE_STANDARD = "gnu++20";
				CLANG_ENABLE_MODULES = YES;
				CLANG_ENABLE_OBJC_ARC = YES;
				CLANG_ENABLE_OBJC_WEAK = YES;
				CLANG_WARN_BLOCK_CAPTURE_AUTORELEASING = YES;
				CLANG_WARN_BOOL_CONVERSION = YES;
				CLANG_WARN_COMMA = YES;
				CLANG_WARN_CONSTANT_CONVERSION = YES;
				CLANG_WARN_DEPRECATED_OBJC_IMPLEMENTATIONS = YES;
				CLANG_WARN_DIRECT_OBJC_ISA_USAGE = YES_ERROR;
				CLANG_WARN_DOCUMENTATION_COMMENTS = YES;
				CLANG_WARN_EMPTY_BODY = YES;
				CLANG_WARN_ENUM_CONVERSION = YES;
				CLANG_WARN_INFINITE_RECURSION = YES;
				CLANG_WARN_INT_CONVERSION = YES;
				CLANG_WARN_NON_LITERAL_NULL_CONVERSION = YES;
				CLANG_WARN_OBJC_IMPLICIT_RETAIN_SELF = YES;
				CLANG_WARN_OBJC_LITERAL_CONVERSION = YES;
				CLANG_WARN_OBJC_ROOT_CLASS = YES_ERROR;
				CLANG_WARN_QUOTED_INCLUDE_IN_FRAMEWORK_HEADER = YES;
				CLANG_WARN_RANGE_LOOP_ANALYSIS = YES;
				CLANG_WARN_STRICT_PROTOTYPES = YES;
				CLANG_WARN_SUSPICIOUS_MOVE = YES;
				CLANG_WARN_UNGUARDED_AVAILABILITY = YES_AGGRESSIVE;
				CLANG_WARN_UNREACHABLE_CODE = YES;
				CLANG_WARN__DUPLICATE_METHOD_MATCH = YES;
				COPY_PHASE_STRIP = NO;
				DEBUG_INFORMATION_FORMAT = "dwarf-with-dsym";
				ENABLE_NS_ASSERTIONS = NO;
				ENABLE_STRICT_OBJC_MSGSEND = YES;
				GCC_C_LANGUAGE_STANDARD = gnu11;
				GCC_NO_COMMON_BLOCKS = YES;
				GCC_WARN_64_TO_32_BIT_CONVERSION = YES;
				GCC_WARN_ABOUT_RETURN_TYPE = YES_ERROR;
				GCC_WARN_UNDECLARED_SELECTOR = YES;
				GCC_WARN_UNINITIALIZED_AUTOS = YES_AGGRESSIVE;
				GCC_WARN_UNUSED_FUNCTION = YES;
				GCC_WARN_UNUSED_VARIABLE = YES;
				IPHONEOS_DEPLOYMENT_TARGET = 16.4;
				MTL_ENABLE_DEBUG_INFO = NO;
				MTL_FAST_MATH = YES;
				SDKROOT = iphoneos;
				SWIFT_COMPILATION_MODE = wholemodule;
				SWIFT_OPTIMIZATION_LEVEL = "-O";
				VALIDATE_PRODUCT = YES;
			};
			name = Release;
		};
		6191A9422FD34A0E00A3F8F5 /* Debug */ = {
			isa = XCBuildConfiguration;
			buildSettings = {
				ASSETCATALOG_COMPILER_APPICON_NAME = AppIcon;
				ASSETCATALOG_COMPILER_GLOBAL_ACCENT_COLOR_NAME = AccentColor;
				CODE_SIGN_STYLE = Automatic;
				CURRENT_PROJECT_VERSION = 1;
				DEVELOPMENT_ASSET_PATHS = "\"DailySky/Preview Content\"";
				ENABLE_PREVIEWS = YES;
				GENERATE_INFOPLIST_FILE = YES;
				INFOPLIST_FILE = DailySky/Info.plist;
				INFOPLIST_KEY_UIApplicationSceneManifest_Generation = YES;
				INFOPLIST_KEY_UIApplicationSupportsIndirectInputEvents = YES;
				INFOPLIST_KEY_UILaunchScreen_Generation = YES;
				INFOPLIST_KEY_UISupportedInterfaceOrientations_iPad = "UIInterfaceOrientationPortrait UIInterfaceOrientationPortraitUpsideDown UIInterfaceOrientationLandscapeLeft UIInterfaceOrientationLandscapeRight";
				INFOPLIST_KEY_UISupportedInterfaceOrientations_iPhone = "UIInterfaceOrientationPortrait UIInterfaceOrientationLandscapeLeft UIInterfaceOrientationLandscapeRight";
				LD_RUNPATH_SEARCH_PATHS = (
					"$(inherited)",
					"@executable_path/Frameworks",
				);
				MARKETING_VERSION = 1.0;
				PRODUCT_BUNDLE_IDENTIFIER = ITI.DailySky;
				PRODUCT_NAME = "$(TARGET_NAME)";
				SWIFT_EMIT_LOC_STRINGS = YES;
				SWIFT_VERSION = 5.0;
				TARGETED_DEVICE_FAMILY = "1,2";
			};
			name = Debug;
		};
		6191A9432FD34A0E00A3F8F5 /* Release */ = {
			isa = XCBuildConfiguration;
			buildSettings = {
				ASSETCATALOG_COMPILER_APPICON_NAME = AppIcon;
				ASSETCATALOG_COMPILER_GLOBAL_ACCENT_COLOR_NAME = AccentColor;
				CODE_SIGN_STYLE = Automatic;
				CURRENT_PROJECT_VERSION = 1;
				DEVELOPMENT_ASSET_PATHS = "\"DailySky/Preview Content\"";
				ENABLE_PREVIEWS = YES;
				GENERATE_INFOPLIST_FILE = YES;
				INFOPLIST_FILE = DailySky/Info.plist;
				INFOPLIST_KEY_UIApplicationSceneManifest_Generation = YES;
				INFOPLIST_KEY_UIApplicationSupportsIndirectInputEvents = YES;
				INFOPLIST_KEY_UILaunchScreen_Generation = YES;
				INFOPLIST_KEY_UISupportedInterfaceOrientations_iPad = "UIInterfaceOrientationPortrait UIInterfaceOrientationPortraitUpsideDown UIInterfaceOrientationLandscapeLeft UIInterfaceOrientationLandscapeRight";
				INFOPLIST_KEY_UISupportedInterfaceOrientations_iPhone = "UIInterfaceOrientationPortrait UIInterfaceOrientationLandscapeLeft UIInterfaceOrientationLandscapeRight";
				LD_RUNPATH_SEARCH_PATHS = (
					"$(inherited)",
					"@executable_path/Frameworks",
				);
				MARKETING_VERSION = 1.0;
				PRODUCT_BUNDLE_IDENTIFIER = ITI.DailySky;
				PRODUCT_NAME = "$(TARGET_NAME)";
				SWIFT_EMIT_LOC_STRINGS = YES;
				SWIFT_VERSION = 5.0;
				TARGETED_DEVICE_FAMILY = "1,2";
			};
			name = Release;
		};
		6191A9452FD34A0E00A3F8F5 /* Debug */ = {
			isa = XCBuildConfiguration;
			buildSettings = {
				ALWAYS_EMBED_SWIFT_STANDARD_LIBRARIES = YES;
				BUNDLE_LOADER = "$(TEST_HOST)";
				CODE_SIGN_STYLE = Automatic;
				CURRENT_PROJECT_VERSION = 1;
				GENERATE_INFOPLIST_FILE = YES;
				IPHONEOS_DEPLOYMENT_TARGET = 16.4;
				MARKETING_VERSION = 1.0;
				PRODUCT_BUNDLE_IDENTIFIER = ITI.DailySkyTests;
				PRODUCT_NAME = "$(TARGET_NAME)";
				SWIFT_EMIT_LOC_STRINGS = NO;
				SWIFT_VERSION = 5.0;
				TARGETED_DEVICE_FAMILY = "1,2";
				TEST_HOST = "$(BUILT_PRODUCTS_DIR)/DailySky.app/$(BUNDLE_EXECUTABLE_FOLDER_PATH)/DailySky";
			};
			name = Debug;
		};
		6191A9462FD34A0E00A3F8F5 /* Release */ = {
			isa = XCBuildConfiguration;
			buildSettings = {
				ALWAYS_EMBED_SWIFT_STANDARD_LIBRARIES = YES;
				BUNDLE_LOADER = "$(TEST_HOST)";
				CODE_SIGN_STYLE = Automatic;
				CURRENT_PROJECT_VERSION = 1;
				GENERATE_INFOPLIST_FILE = YES;
				IPHONEOS_DEPLOYMENT_TARGET = 16.4;
				MARKETING_VERSION = 1.0;
				PRODUCT_BUNDLE_IDENTIFIER = ITI.DailySkyTests;
				PRODUCT_NAME = "$(TARGET_NAME)";
				SWIFT_EMIT_LOC_STRINGS = NO;
				SWIFT_VERSION = 5.0;
				TARGETED_DEVICE_FAMILY = "1,2";
				TEST_HOST = "$(BUILT_PRODUCTS_DIR)/DailySky.app/$(BUNDLE_EXECUTABLE_FOLDER_PATH)/DailySky";
			};
			name = Release;
		};
		6191A9482FD34A0E00A3F8F5 /* Debug */ = {
			isa = XCBuildConfiguration;
			buildSettings = {
				ALWAYS_EMBED_SWIFT_STANDARD_LIBRARIES = YES;
				CODE_SIGN_STYLE = Automatic;
				CURRENT_PROJECT_VERSION = 1;
				GENERATE_INFOPLIST_FILE = YES;
				MARKETING_VERSION = 1.0;
				PRODUCT_BUNDLE_IDENTIFIER = ITI.DailySkyUITests;
				PRODUCT_NAME = "$(TARGET_NAME)";
				SWIFT_EMIT_LOC_STRINGS = NO;
				SWIFT_VERSION = 5.0;
				TARGETED_DEVICE_FAMILY = "1,2";
				TEST_TARGET_NAME = DailySky;
			};
			name = Debug;
		};
		6191A9492FD34A0E00A3F8F5 /* Release */ = {
			isa = XCBuildConfiguration;
			buildSettings = {
				ALWAYS_EMBED_SWIFT_STANDARD_LIBRARIES = YES;
				CODE_SIGN_STYLE = Automatic;
				CURRENT_PROJECT_VERSION = 1;
				GENERATE_INFOPLIST_FILE = YES;
				MARKETING_VERSION = 1.0;
				PRODUCT_BUNDLE_IDENTIFIER = ITI.DailySkyUITests;
				PRODUCT_NAME = "$(TARGET_NAME)";
				SWIFT_EMIT_LOC_STRINGS = NO;
				SWIFT_VERSION = 5.0;
				TARGETED_DEVICE_FAMILY = "1,2";
				TEST_TARGET_NAME = DailySky;
			};
			name = Release;
		};
/* End XCBuildConfiguration section */

/* Begin XCConfigurationList section */
		6191A9132FD34A0B00A3F8F5 /* Build configuration list for PBXProject "DailySky" */ = {
			isa = XCConfigurationList;
			buildConfigurations = (
				6191A93F2FD34A0E00A3F8F5 /* Debug */,
				6191A9402FD34A0E00A3F8F5 /* Release */,
			);
			defaultConfigurationIsVisible = 0;
			defaultConfigurationName = Release;
		};
		6191A9412FD34A0E00A3F8F5 /* Build configuration list for PBXNativeTarget "DailySky" */ = {
			isa = XCConfigurationList;
			buildConfigurations = (
				6191A9422FD34A0E00A3F8F5 /* Debug */,
				6191A9432FD34A0E00A3F8F5 /* Release */,
			);
			defaultConfigurationIsVisible = 0;
			defaultConfigurationName = Release;
		};
		6191A9442FD34A0E00A3F8F5 /* Build configuration list for PBXNativeTarget "DailySkyTests" */ = {
			isa = XCConfigurationList;
			buildConfigurations = (
				6191A9452FD34A0E00A3F8F5 /* Debug */,
				6191A9462FD34A0E00A3F8F5 /* Release */,
			);
			defaultConfigurationIsVisible = 0;
			defaultConfigurationName = Release;
		};
		6191A9472FD34A0E00A3F8F5 /* Build configuration list for PBXNativeTarget "DailySkyUITests" */ = {
			isa = XCConfigurationList;
			buildConfigurations = (
				6191A9482FD34A0E00A3F8F5 /* Debug */,
				6191A9492FD34A0E00A3F8F5 /* Release */,
			);
			defaultConfigurationIsVisible = 0;
			defaultConfigurationName = Release;
		};
/* End XCConfigurationList section */

/* Begin XCRemoteSwiftPackageReference section */
		61F0C4642FD9450900E2C7A8 /* XCRemoteSwiftPackageReference "Alamofire" */ = {
			isa = XCRemoteSwiftPackageReference;
			repositoryURL = "https://github.com/Alamofire/Alamofire.git";
			requirement = {
				kind = exactVersion;
				version = 5.6.4;
			};
		};
/* End XCRemoteSwiftPackageReference section */

/* Begin XCSwiftPackageProductDependency section */
		61F0C4652FD9450A00E2C7A8 /* Alamofire */ = {
			isa = XCSwiftPackageProductDependency;
			package = 61F0C4642FD9450900E2C7A8 /* XCRemoteSwiftPackageReference "Alamofire" */;
			productName = Alamofire;
		};
/* End XCSwiftPackageProductDependency section */

/* Begin XCVersionGroup section */
		6191A9262FD34A0D00A3F8F5 /* DailySky.xcdatamodeld */ = {
			isa = XCVersionGroup;
			children = (
				6191A9272FD34A0D00A3F8F5 /* DailySky.xcdatamodel */,
			);
			currentVersion = 6191A9272FD34A0D00A3F8F5 /* DailySky.xcdatamodel */;
			path = DailySky.xcdatamodeld;
			sourceTree = "<group>";
			versionGroupType = wrapper.xcdatamodel;
		};
/* End XCVersionGroup section */
	};
	rootObject = 6191A9102FD34A0B00A3F8F5 /* Project object */;
}
